
Microsoft Visual Studio Solution File, Format Version 12.00
# Visual Studio Version 17
VisualStudioVersion = 17.3.32901.215
MinimumVisualStudioVersion = 10.0.40219.1
Project("{FAE04EC0-301F-11D3-BF4B-00C04F79EFBC}") = "flipzone_angular_api", "flipzone_angular_api.csproj", "{D664EFA4-747F-403D-B2C8-21ADA8270CFC}"
EndProject
Global
	GlobalSection(SolutionConfigurationPlatforms) = preSolution
		Debug|Any CPU = Debug|Any CPU
		Release|Any CPU = Release|Any CPU
	EndGlobalSection
	GlobalSection(ProjectConfigurationPlatforms) = postSolution
		{D664EFA4-747F-403D-B2C8-21ADA8270CFC}.Debug|Any CPU.ActiveCfg = Debug|Any CPU
		{D664EFA4-747F-403D-B2C8-21ADA8270CFC}.Debug|Any CPU.Build.0 = Debug|Any CPU
		{D664EFA4-747F-403D-B2C8-21ADA8270CFC}.Release|Any CPU.ActiveCfg = Release|Any CPU
		{D664EFA4-747F-403D-B2C8-21ADA8270CFC}.Release|Any CPU.Build.0 = Release|Any CPU
	EndGlobalSection
	GlobalSection(SolutionProperties) = preSolution
		HideSolutionNode = FALSE
	EndGlobalSection
	GlobalSection(ExtensibilityGlobals) = postSolution
		SolutionGuid = {75E8094D-7F25-4BD4-A1FB-6E57B0F910EB}
	EndGlobalSection
EndGlobal
